
Microsoft Visual Studio Solution File, Format Version 12.00
# Visual Studio 15
VisualStudioVersion = 15.0.27703.2035
MinimumVisualStudioVersion = 10.0.40219.1
Project("{FAE04EC0-301F-11D3-BF4B-00C04F79EFBC}") = "RedisSessionStateProvider", "RedisSessionStateProvider\RedisSessionStateProvider.csproj", "{CD11617F-5E30-4453-98BE-E0F30DE3B127}"
EndProject
Global
	GlobalSection(SolutionConfigurationPlatforms) = preSolution
		Debug|Any CPU = Debug|Any CPU
		Release|Any CPU = Release|Any CPU
	EndGlobalSection
	GlobalSection(ProjectConfigurationPlatforms) = postSolution
		{CD11617F-5E30-4453-98BE-E0F30DE3B127}.Debug|Any CPU.ActiveCfg = Debug|Any CPU
		{CD11617F-5E30-4453-98BE-E0F30DE3B127}.Debug|Any CPU.Build.0 = Debug|Any CPU
		{CD11617F-5E30-4453-98BE-E0F30DE3B127}.Release|Any CPU.ActiveCfg = Release|Any CPU
		{CD11617F-5E30-4453-98BE-E0F30DE3B127}.Release|Any CPU.Build.0 = Release|Any CPU
	EndGlobalSection
	GlobalSection(SolutionProperties) = preSolution
		HideSolutionNode = FALSE
	EndGlobalSection
	GlobalSection(ExtensibilityGlobals) = postSolution
		SolutionGuid = {359661B9-1517-4839-8574-8DC0F4CF09D6}
	EndGlobalSection
EndGlobal
